
Microsoft Visual Studio Solution File, Format Version 12.00
# Visual Studio Version 17
VisualStudioVersion = 17.12.35527.113 d17.12
MinimumVisualStudioVersion = 10.0.40219.1
Project("{FAE04EC0-301F-11D3-BF4B-00C04F79EFBC}") = "TinyLedger.Domain", "TinyLedger.Domain\TinyLedger.Domain.csproj", "{E2324CCA-BC2B-4E39-B42A-9B25054CDC1F}"
EndProject
Project("{FAE04EC0-301F-11D3-BF4B-00C04F79EFBC}") = "TinyLedger.Application", "TinyLedger.Application\TinyLedger.Application.csproj", "{4C76DBC4-012D-4930-96F6-46CA5CA1D141}"
EndProject
Global
	GlobalSection(SolutionConfigurationPlatforms) = preSolution
		Debug|Any CPU = Debug|Any CPU
		Release|Any CPU = Release|Any CPU
	EndGlobalSection
	GlobalSection(ProjectConfigurationPlatforms) = postSolution
		{E2324CCA-BC2B-4E39-B42A-9B25054CDC1F}.Debug|Any CPU.ActiveCfg = Debug|Any CPU
		{E2324CCA-BC2B-4E39-B42A-9B25054CDC1F}.Debug|Any CPU.Build.0 = Debug|Any CPU
		{E2324CCA-BC2B-4E39-B42A-9B25054CDC1F}.Release|Any CPU.ActiveCfg = Release|Any CPU
		{E2324CCA-BC2B-4E39-B42A-9B25054CDC1F}.Release|Any CPU.Build.0 = Release|Any CPU
		{4C76DBC4-012D-4930-96F6-46CA5CA1D141}.Debug|Any CPU.ActiveCfg = Debug|Any CPU
		{4C76DBC4-012D-4930-96F6-46CA5CA1D141}.Debug|Any CPU.Build.0 = Debug|Any CPU
		{4C76DBC4-012D-4930-96F6-46CA5CA1D141}.Release|Any CPU.ActiveCfg = Release|Any CPU
		{4C76DBC4-012D-4930-96F6-46CA5CA1D141}.Release|Any CPU.Build.0 = Release|Any CPU
	EndGlobalSection
	GlobalSection(SolutionProperties) = preSolution
		HideSolutionNode = FALSE
	EndGlobalSection
EndGlobal
